
Microsoft Visual Studio Solution File, Format Version 12.00
# Visual Studio Version 17
VisualStudioVersion = 17.14.37531.7 d17.14
MinimumVisualStudioVersion = 10.0.40219.1
Project("{F184B08F-C81C-45F6-A57F-5ABD9991F28F}") = "SerialClient", "SerialClient.vbproj", "{92951DD3-7EBF-4135-94CE-733E20C1ABF2}"
EndProject
Global
	GlobalSection(SolutionConfigurationPlatforms) = preSolution
		Release|Any CPU = Release|Any CPU
	EndGlobalSection
	GlobalSection(ProjectConfigurationPlatforms) = postSolution
		{92951DD3-7EBF-4135-94CE-733E20C1ABF2}.Release|Any CPU.ActiveCfg = Release|Any CPU
		{92951DD3-7EBF-4135-94CE-733E20C1ABF2}.Release|Any CPU.Build.0 = Release|Any CPU
	EndGlobalSection
	GlobalSection(SolutionProperties) = preSolution
		HideSolutionNode = FALSE
	EndGlobalSection
	GlobalSection(ExtensibilityGlobals) = postSolution
		SolutionGuid = {8F380238-C499-44B3-8F5D-FAA874193D24}
	EndGlobalSection
EndGlobal
