
Microsoft Visual Studio Solution File, Format Version 12.00
# Visual Studio Version 17
VisualStudioVersion = 17.14.37531.7 d17.14
MinimumVisualStudioVersion = 10.0.40219.1
Project("{FAE04EC0-301F-11D3-BF4B-00C04F79EFBC}") = "LafManager", "LafManager.csproj", "{D00A9551-F6CA-4387-8D14-C79DF45834D3}"
EndProject
Global
	GlobalSection(SolutionConfigurationPlatforms) = preSolution
		Release|Any CPU = Release|Any CPU
	EndGlobalSection
	GlobalSection(ProjectConfigurationPlatforms) = postSolution
		{D00A9551-F6CA-4387-8D14-C79DF45834D3}.Release|Any CPU.ActiveCfg = Release|Any CPU
		{D00A9551-F6CA-4387-8D14-C79DF45834D3}.Release|Any CPU.Build.0 = Release|Any CPU
	EndGlobalSection
	GlobalSection(SolutionProperties) = preSolution
		HideSolutionNode = FALSE
	EndGlobalSection
	GlobalSection(ExtensibilityGlobals) = postSolution
		SolutionGuid = {D373B894-77FC-416E-8B96-EC1A9C554F30}
	EndGlobalSection
EndGlobal
