
Microsoft Visual Studio Solution File, Format Version 12.00
# Visual Studio Version 17
VisualStudioVersion = 17.14.37531.7 d17.14
MinimumVisualStudioVersion = 10.0.40219.1
Project("{FAE04EC0-301F-11D3-BF4B-00C04F79EFBC}") = "SerialMonitor", "SerialMonitor.csproj", "{C916554B-DC41-4C38-B9A9-7195F6AE4113}"
EndProject
Global
	GlobalSection(SolutionConfigurationPlatforms) = preSolution
		Release|Any CPU = Release|Any CPU
	EndGlobalSection
	GlobalSection(ProjectConfigurationPlatforms) = postSolution
		{C916554B-DC41-4C38-B9A9-7195F6AE4113}.Release|Any CPU.ActiveCfg = Release|Any CPU
		{C916554B-DC41-4C38-B9A9-7195F6AE4113}.Release|Any CPU.Build.0 = Release|Any CPU
	EndGlobalSection
	GlobalSection(SolutionProperties) = preSolution
		HideSolutionNode = FALSE
	EndGlobalSection
	GlobalSection(ExtensibilityGlobals) = postSolution
		SolutionGuid = {1C5D016B-5031-4445-80D4-C5AA1F351D96}
	EndGlobalSection
EndGlobal
